
Microsoft Visual Studio Solution File, Format Version 12.00
# Visual Studio Version 17
VisualStudioVersion = 17.0.32112.339
MinimumVisualStudioVersion = 10.0.40219.1
Project("{9A19103F-16F7-4668-BE54-9A1E7A4F7556}") = "ListenTogether", "src\ListenTogether\ListenTogether.csproj", "{DB708718-9812-4F7E-B5BB-90C6DD100225}"
EndProject
Project("{9A19103F-16F7-4668-BE54-9A1E7A4F7556}") = "ListenTogether.EasyLog", "src\ListenTogether.EasyLog\ListenTogether.EasyLog.csproj", "{2C3E47A6-7F78-4053-A7FE-35413327C54B}"
EndProject
Project("{9A19103F-16F7-4668-BE54-9A1E7A4F7556}") = "ListenTogether.Model", "src\ListenTogether.Model\ListenTogether.Model.csproj", "{05BF615E-4A3D-4B11-BCBE-9E3FAA8BD231}"
EndProject
Project("{9A19103F-16F7-4668-BE54-9A1E7A4F7556}") = "ListenTogether.Network", "src\ListenTogether.Network\ListenTogether.Network.csproj", "{7D639CF2-F271-4540-AF6E-55C6E146D66A}"
EndProject
Project("{9A19103F-16F7-4668-BE54-9A1E7A4F7556}") = "NativeMediaMauiLib", "src\NativeMediaMauiLib\NativeMediaMauiLib.csproj", "{458F7E4D-1FAD-4385-8F14-0D60336C41E9}"
EndProject
Project("{9A19103F-16F7-4668-BE54-9A1E7A4F7556}") = "ListenTogether.Service.Interface", "src\ListenTogether.Service.Interface\ListenTogether.Service.Interface.csproj", "{901A0AA0-6671-4410-8FF2-FEF272487100}"
EndProject
Project("{9A19103F-16F7-4668-BE54-9A1E7A4F7556}") = "ListenTogether.Service.Maui", "src\ListenTogether.Service.Maui\ListenTogether.Service.Maui.csproj", "{12651103-BD98-40AE-95DD-4648A9A4DEFD}"
EndProject
Project("{9A19103F-16F7-4668-BE54-9A1E7A4F7556}") = "ListenTogether.Service.Common", "src\ListenTogether.Service.Common\ListenTogether.Service.Common.csproj", "{EC3E2977-FF76-4D14-B89E-64E346D6CEB6}"
EndProject
Global
	GlobalSection(SolutionConfigurationPlatforms) = preSolution
		Debug|Any CPU = Debug|Any CPU
		Release|Any CPU = Release|Any CPU
	EndGlobalSection
	GlobalSection(ProjectConfigurationPlatforms) = postSolution
		{DB708718-9812-4F7E-B5BB-90C6DD100225}.Debug|Any CPU.ActiveCfg = Debug|Any CPU
		{DB708718-9812-4F7E-B5BB-90C6DD100225}.Debug|Any CPU.Build.0 = Debug|Any CPU
		{DB708718-9812-4F7E-B5BB-90C6DD100225}.Debug|Any CPU.Deploy.0 = Debug|Any CPU
		{DB708718-9812-4F7E-B5BB-90C6DD100225}.Release|Any CPU.ActiveCfg = Release|Any CPU
		{DB708718-9812-4F7E-B5BB-90C6DD100225}.Release|Any CPU.Build.0 = Release|Any CPU
		{DB708718-9812-4F7E-B5BB-90C6DD100225}.Release|Any CPU.Deploy.0 = Release|Any CPU
		{2C3E47A6-7F78-4053-A7FE-35413327C54B}.Debug|Any CPU.ActiveCfg = Debug|Any CPU
		{2C3E47A6-7F78-4053-A7FE-35413327C54B}.Debug|Any CPU.Build.0 = Debug|Any CPU
		{2C3E47A6-7F78-4053-A7FE-35413327C54B}.Release|Any CPU.ActiveCfg = Release|Any CPU
		{2C3E47A6-7F78-4053-A7FE-35413327C54B}.Release|Any CPU.Build.0 = Release|Any CPU
		{05BF615E-4A3D-4B11-BCBE-9E3FAA8BD231}.Debug|Any CPU.ActiveCfg = Debug|Any CPU
		{05BF615E-4A3D-4B11-BCBE-9E3FAA8BD231}.Debug|Any CPU.Build.0 = Debug|Any CPU
		{05BF615E-4A3D-4B11-BCBE-9E3FAA8BD231}.Release|Any CPU.ActiveCfg = Release|Any CPU
		{05BF615E-4A3D-4B11-BCBE-9E3FAA8BD231}.Release|Any CPU.Build.0 = Release|Any CPU
		{7D639CF2-F271-4540-AF6E-55C6E146D66A}.Debug|Any CPU.ActiveCfg = Debug|Any CPU
		{7D639CF2-F271-4540-AF6E-55C6E146D66A}.Debug|Any CPU.Build.0 = Debug|Any CPU
		{7D639CF2-F271-4540-AF6E-55C6E146D66A}.Release|Any CPU.ActiveCfg = Release|Any CPU
		{7D639CF2-F271-4540-AF6E-55C6E146D66A}.Release|Any CPU.Build.0 = Release|Any CPU
		{458F7E4D-1FAD-4385-8F14-0D60336C41E9}.Debug|Any CPU.ActiveCfg = Debug|Any CPU
		{458F7E4D-1FAD-4385-8F14-0D60336C41E9}.Debug|Any CPU.Build.0 = Debug|Any CPU
		{458F7E4D-1FAD-4385-8F14-0D60336C41E9}.Release|Any CPU.ActiveCfg = Release|Any CPU
		{458F7E4D-1FAD-4385-8F14-0D60336C41E9}.Release|Any CPU.Build.0 = Release|Any CPU
		{901A0AA0-6671-4410-8FF2-FEF272487100}.Debug|Any CPU.ActiveCfg = Debug|Any CPU
		{901A0AA0-6671-4410-8FF2-FEF272487100}.Debug|Any CPU.Build.0 = Debug|Any CPU
		{901A0AA0-6671-4410-8FF2-FEF272487100}.Release|Any CPU.ActiveCfg = Release|Any CPU
		{901A0AA0-6671-4410-8FF2-FEF272487100}.Release|Any CPU.Build.0 = Release|Any CPU
		{12651103-BD98-40AE-95DD-4648A9A4DEFD}.Debug|Any CPU.ActiveCfg = Debug|Any CPU
		{12651103-BD98-40AE-95DD-4648A9A4DEFD}.Debug|Any CPU.Build.0 = Debug|Any CPU
		{12651103-BD98-40AE-95DD-4648A9A4DEFD}.Release|Any CPU.ActiveCfg = Release|Any CPU
		{12651103-BD98-40AE-95DD-4648A9A4DEFD}.Release|Any CPU.Build.0 = Release|Any CPU
		{EC3E2977-FF76-4D14-B89E-64E346D6CEB6}.Debug|Any CPU.ActiveCfg = Debug|Any CPU
		{EC3E2977-FF76-4D14-B89E-64E346D6CEB6}.Debug|Any CPU.Build.0 = Debug|Any CPU
		{EC3E2977-FF76-4D14-B89E-64E346D6CEB6}.Release|Any CPU.ActiveCfg = Release|Any CPU
		{EC3E2977-FF76-4D14-B89E-64E346D6CEB6}.Release|Any CPU.Build.0 = Release|Any CPU
	EndGlobalSection
	GlobalSection(SolutionProperties) = preSolution
		HideSolutionNode = FALSE
	EndGlobalSection
	GlobalSection(ExtensibilityGlobals) = postSolution
		SolutionGuid = {1D0325BB-503D-4D4F-A845-B8D3C4E54292}
	EndGlobalSection
EndGlobal
