
Microsoft Visual Studio Solution File, Format Version 12.00
# Visual Studio Version 17
VisualStudioVersion = 17.0.32112.339
MinimumVisualStudioVersion = 10.0.40219.1
Project("{9A19103F-16F7-4668-BE54-9A1E7A4F7556}") = "MusicPlayerOnline.Api", "src\MusicPlayerOnline.Api\MusicPlayerOnline.Api.csproj", "{3E09039E-98C0-4428-98E5-B0A592A4E8E4}"
EndProject
Project("{9A19103F-16F7-4668-BE54-9A1E7A4F7556}") = "MusicPlayerOnline.Model", "src\MusicPlayerOnline.Model\MusicPlayerOnline.Model.csproj", "{6EBC68D3-1BFE-4501-9306-4D6135BD944F}"
EndProject
Project("{FAE04EC0-301F-11D3-BF4B-00C04F79EFBC}") = "MusicPlayerOnline.Service", "src\MusicPlayerOnline.Service\MusicPlayerOnline.Service.csproj", "{49B22394-19DF-485D-A61B-8D6DF8B66172}"
EndProject
Global
	GlobalSection(SolutionConfigurationPlatforms) = preSolution
		Debug|Any CPU = Debug|Any CPU
		Release|Any CPU = Release|Any CPU
	EndGlobalSection
	GlobalSection(ProjectConfigurationPlatforms) = postSolution
		{3E09039E-98C0-4428-98E5-B0A592A4E8E4}.Debug|Any CPU.ActiveCfg = Debug|Any CPU
		{3E09039E-98C0-4428-98E5-B0A592A4E8E4}.Debug|Any CPU.Build.0 = Debug|Any CPU
		{3E09039E-98C0-4428-98E5-B0A592A4E8E4}.Release|Any CPU.ActiveCfg = Release|Any CPU
		{3E09039E-98C0-4428-98E5-B0A592A4E8E4}.Release|Any CPU.Build.0 = Release|Any CPU
		{6EBC68D3-1BFE-4501-9306-4D6135BD944F}.Debug|Any CPU.ActiveCfg = Debug|Any CPU
		{6EBC68D3-1BFE-4501-9306-4D6135BD944F}.Debug|Any CPU.Build.0 = Debug|Any CPU
		{6EBC68D3-1BFE-4501-9306-4D6135BD944F}.Release|Any CPU.ActiveCfg = Release|Any CPU
		{6EBC68D3-1BFE-4501-9306-4D6135BD944F}.Release|Any CPU.Build.0 = Release|Any CPU
		{49B22394-19DF-485D-A61B-8D6DF8B66172}.Debug|Any CPU.ActiveCfg = Debug|Any CPU
		{49B22394-19DF-485D-A61B-8D6DF8B66172}.Debug|Any CPU.Build.0 = Debug|Any CPU
		{49B22394-19DF-485D-A61B-8D6DF8B66172}.Release|Any CPU.ActiveCfg = Release|Any CPU
		{49B22394-19DF-485D-A61B-8D6DF8B66172}.Release|Any CPU.Build.0 = Release|Any CPU
	EndGlobalSection
	GlobalSection(SolutionProperties) = preSolution
		HideSolutionNode = FALSE
	EndGlobalSection
	GlobalSection(ExtensibilityGlobals) = postSolution
		SolutionGuid = {1D0325BB-503D-4D4F-A845-B8D3C4E54292}
	EndGlobalSection
EndGlobal
